
Microsoft Visual Studio Solution File, Format Version 12.00
# Visual Studio Version 16
VisualStudioVersion = 16.0.28714.193
MinimumVisualStudioVersion = 10.0.40219.1
Project("{FAE04EC0-301F-11D3-BF4B-00C04F79EFBC}") = "lmv9", "lmv9\lmv9.csproj", "{27D95572-C36B-4C36-8C7C-E338D7EA980E}"
EndProject
Global
	GlobalSection(SolutionConfigurationPlatforms) = preSolution
		Debug|Any CPU = Debug|Any CPU
		Release|Any CPU = Release|Any CPU
	EndGlobalSection
	GlobalSection(ProjectConfigurationPlatforms) = postSolution
		{27D95572-C36B-4C36-8C7C-E338D7EA980E}.Debug|Any CPU.ActiveCfg = Debug|Any CPU
		{27D95572-C36B-4C36-8C7C-E338D7EA980E}.Debug|Any CPU.Build.0 = Debug|Any CPU
		{27D95572-C36B-4C36-8C7C-E338D7EA980E}.Release|Any CPU.ActiveCfg = Release|Any CPU
		{27D95572-C36B-4C36-8C7C-E338D7EA980E}.Release|Any CPU.Build.0 = Release|Any CPU
	EndGlobalSection
	GlobalSection(SolutionProperties) = preSolution
		HideSolutionNode = FALSE
	EndGlobalSection
	GlobalSection(ExtensibilityGlobals) = postSolution
		SolutionGuid = {C88487B0-9B5C-4699-85EC-5C00112E2070}
	EndGlobalSection
EndGlobal
